// !$*UTF8*$!
{
	archiveVersion = 1;
	classes = {
	};
	objectVersion = 46;
	objects = {

/* Begin PBXFileReference section */
		6027A60E1E0C08E000DCC9C1 /* Main.Java */ = {isa = PBXFileReference; lastKnownFileType = sourcecode.java; path = Main.Java; sourceTree = "<group>"; };
/* End PBXFileReference section */

/* Begin PBXGroup section */
		6027A6071E0C08CC00DCC9C1 = {
			isa = PBXGroup;
			children = (
				6027A60E1E0C08E000DCC9C1 /* Main.Java */,
			);
			sourceTree = "<group>";
		};
/* End PBXGroup section */

/* Begin PBXProject section */
		6027A6081E0C08CC00DCC9C1 /* Project object */ = {
			isa = PBXProject;
			attributes = {
				LastUpgradeCheck = 0820;
			};
			buildConfigurationList = 6027A60B1E0C08CC00DCC9C1 /* Build configuration list for PBXProject "IP-Rechner" */;
			compatibilityVersion = "Xcode 3.2";
			developmentRegion = English;
			hasScannedForEncodings = 0;
			knownRegions = (
				en,
			);
			mainGroup = 6027A6071E0C08CC00DCC9C1;
			projectDirPath = "";
			projectRoot = "";
			targets = (
			);
		};
/* End PBXProject section */

/* Begin XCBuildConfiguration section */
		6027A60C1E0C08CC00DCC9C1 /* Debug */ = {
			isa = XCBuildConfiguration;
			buildSettings = {
			};
			name = Debug;
		};
		6027A60D1E0C08CC00DCC9C1 /* Release */ = {
			isa = XCBuildConfiguration;
			buildSettings = {
			};
			name = Release;
		};
/* End XCBuildConfiguration section */

/* Begin XCConfigurationList section */
		6027A60B1E0C08CC00DCC9C1 /* Build configuration list for PBXProject "IP-Rechner" */ = {
			isa = XCConfigurationList;
			buildConfigurations = (
				6027A60C1E0C08CC00DCC9C1 /* Debug */,
				6027A60D1E0C08CC00DCC9C1 /* Release */,
			);
			defaultConfigurationIsVisible = 0;
			defaultConfigurationName = Release;
		};
/* End XCConfigurationList section */
	};
	rootObject = 6027A6081E0C08CC00DCC9C1 /* Project object */;
}
